
Microsoft Visual Studio Solution File, Format Version 12.00
# Visual Studio Version 17
VisualStudioVersion = 17.7.34031.279
MinimumVisualStudioVersion = 10.0.40219.1
Project("{9A19103F-16F7-4668-BE54-9A1E7A4F7556}") = "TestAzure", "TestAzure\TestAzure.csproj", "{FC54EE7F-F26C-4B3E-97E6-A1C05BD18F0D}"
EndProject
Project("{FAE04EC0-301F-11D3-BF4B-00C04F79EFBC}") = "TestingAzureTest", "TestingAzureTest\TestingAzureTest.csproj", "{C61583F2-C0B2-4BCB-B173-370267C6D389}"
EndProject
Global
	GlobalSection(SolutionConfigurationPlatforms) = preSolution
		Debug|Any CPU = Debug|Any CPU
		Release|Any CPU = Release|Any CPU
	EndGlobalSection
	GlobalSection(ProjectConfigurationPlatforms) = postSolution
		{FC54EE7F-F26C-4B3E-97E6-A1C05BD18F0D}.Debug|Any CPU.ActiveCfg = Debug|Any CPU
		{FC54EE7F-F26C-4B3E-97E6-A1C05BD18F0D}.Debug|Any CPU.Build.0 = Debug|Any CPU
		{FC54EE7F-F26C-4B3E-97E6-A1C05BD18F0D}.Release|Any CPU.ActiveCfg = Release|Any CPU
		{FC54EE7F-F26C-4B3E-97E6-A1C05BD18F0D}.Release|Any CPU.Build.0 = Release|Any CPU
		{C61583F2-C0B2-4BCB-B173-370267C6D389}.Debug|Any CPU.ActiveCfg = Debug|Any CPU
		{C61583F2-C0B2-4BCB-B173-370267C6D389}.Debug|Any CPU.Build.0 = Debug|Any CPU
		{C61583F2-C0B2-4BCB-B173-370267C6D389}.Release|Any CPU.ActiveCfg = Release|Any CPU
		{C61583F2-C0B2-4BCB-B173-370267C6D389}.Release|Any CPU.Build.0 = Release|Any CPU
	EndGlobalSection
	GlobalSection(SolutionProperties) = preSolution
		HideSolutionNode = FALSE
	EndGlobalSection
	GlobalSection(ExtensibilityGlobals) = postSolution
		SolutionGuid = {B2B07DDC-3BB5-4FBB-94BA-A204695A9E41}
	EndGlobalSection
EndGlobal
